{
  "name": "@kmamal/tree",
  "version": "0.0.2",
  "lockfileVersion": 3,
  "requires": true,
  "packages": {
    "": {
      "name": "@kmamal/tree",
      "version": "0.0.2",
      "license": "MIT",
      "dependencies": {
        "@kmamal/doubly-linked-list": "0.0.1"
      },
      "devDependencies": {
        "@kmamal/testing": "0.0.34"
      }
    },
    "node_modules/@kmamal/async": {
      "version": "0.0.3",
      "resolved": "https://registry.npmjs.org/@kmamal/async/-/async-0.0.3.tgz",
      "integrity": "sha512-rMpRbRN5C+cXVl5TWah8/uOGr1Co4LPBn/p/hK1Vyz2l14obqmoHnxKux2sH1bFsr6RB2gTFd9Qeqr3qA5gzkA==",
      "dev": true,
      "license": "MIT",
      "dependencies": {
        "@kmamal/util": "^0.1.6"
      }
    },
    "node_modules/@kmamal/async/node_modules/@kmamal/heap": {
      "version": "0.0.7",
      "resolved": "https://registry.npmjs.org/@kmamal/heap/-/heap-0.0.7.tgz",
      "integrity": "sha512-iERysjNkc5uizK6fJRZGcjgMfGZDgSZm/MxG/rF4THGndcfBp5mLRMe3dioKlKCvqWNBk9ZcnqkDNM+ga2Eo0w==",
      "dev": true,
      "license": "MIT",
      "dependencies": {
        "@kmamal/util": "^0.1.13"
      }
    },
    "node_modules/@kmamal/async/node_modules/@kmamal/linked-list": {
      "version": "0.0.1",
      "resolved": "https://registry.npmjs.org/@kmamal/linked-list/-/linked-list-0.0.1.tgz",
      "integrity": "sha512-+zh1gjJHikF196idEBJ6kqw81FGU3pzzahAFdErv5K0ZzctbTb/p1ANquDGwZ2Xm6a6rD8efWdmtGGFh/Rbghw==",
      "dev": true,
      "license": "MIT"
    },
    "node_modules/@kmamal/async/node_modules/@kmamal/util": {
      "version": "0.1.15",
      "resolved": "https://registry.npmjs.org/@kmamal/util/-/util-0.1.15.tgz",
      "integrity": "sha512-elKShVVD+xlOnPG/1XqtvCrBmxcXD0FYaaVplYAqOkJnWKrv3OW/yTrt92jiJHxXUJfv6aJqdlsoEbqrRxLVNQ==",
      "dev": true,
      "license": "MIT",
      "dependencies": {
        "@kmamal/heap": "^0.0.7",
        "@kmamal/linked-list": "^0.0.1"
      }
    },
    "node_modules/@kmamal/doubly-linked-list": {
      "version": "0.0.1",
      "resolved": "https://registry.npmjs.org/@kmamal/doubly-linked-list/-/doubly-linked-list-0.0.1.tgz",
      "integrity": "sha512-Z5+nZeidQqHEILaYAXFaubw9AcSHrBfF8rpXexV1T1BJ/9E7uVviuCy8dZrQQVW3QGJqTCydpX8YuXlYi5kfpw=="
    },
    "node_modules/@kmamal/globs": {
      "version": "0.0.4",
      "resolved": "https://registry.npmjs.org/@kmamal/globs/-/globs-0.0.4.tgz",
      "integrity": "sha512-XzvtspWYgoG9u2ecrKl3vTs5XFFO2S56QfmNEogy1vubZdnsOg+YDVh/UBKgCPrXdHp/GzrQQlhOaqgrot56Vg==",
      "dev": true,
      "license": "MIT",
      "dependencies": {
        "@kmamal/recurse": "^0.0.1"
      }
    },
    "node_modules/@kmamal/heap": {
      "version": "0.0.9",
      "resolved": "https://registry.npmjs.org/@kmamal/heap/-/heap-0.0.9.tgz",
      "integrity": "sha512-hBs4W15f+i89sHRXbOJm/E+IOIh53gZ9vzFVQJzOZs4TLUGM2OydSPm0SG6lmi3x7jpVRfCf/gn+vFoYvHBlgg==",
      "dev": true,
      "license": "MIT",
      "dependencies": {
        "@kmamal/util": "^0.1.13"
      }
    },
    "node_modules/@kmamal/heap/node_modules/@kmamal/heap": {
      "version": "0.0.7",
      "resolved": "https://registry.npmjs.org/@kmamal/heap/-/heap-0.0.7.tgz",
      "integrity": "sha512-iERysjNkc5uizK6fJRZGcjgMfGZDgSZm/MxG/rF4THGndcfBp5mLRMe3dioKlKCvqWNBk9ZcnqkDNM+ga2Eo0w==",
      "dev": true,
      "license": "MIT",
      "dependencies": {
        "@kmamal/util": "^0.1.13"
      }
    },
    "node_modules/@kmamal/heap/node_modules/@kmamal/linked-list": {
      "version": "0.0.1",
      "resolved": "https://registry.npmjs.org/@kmamal/linked-list/-/linked-list-0.0.1.tgz",
      "integrity": "sha512-+zh1gjJHikF196idEBJ6kqw81FGU3pzzahAFdErv5K0ZzctbTb/p1ANquDGwZ2Xm6a6rD8efWdmtGGFh/Rbghw==",
      "dev": true,
      "license": "MIT"
    },
    "node_modules/@kmamal/heap/node_modules/@kmamal/util": {
      "version": "0.1.15",
      "resolved": "https://registry.npmjs.org/@kmamal/util/-/util-0.1.15.tgz",
      "integrity": "sha512-elKShVVD+xlOnPG/1XqtvCrBmxcXD0FYaaVplYAqOkJnWKrv3OW/yTrt92jiJHxXUJfv6aJqdlsoEbqrRxLVNQ==",
      "dev": true,
      "license": "MIT",
      "dependencies": {
        "@kmamal/heap": "^0.0.7",
        "@kmamal/linked-list": "^0.0.1"
      }
    },
    "node_modules/@kmamal/linked-list": {
      "version": "0.0.2",
      "resolved": "https://registry.npmjs.org/@kmamal/linked-list/-/linked-list-0.0.2.tgz",
      "integrity": "sha512-DEOB4yypyBD45Qvpq208RXGoaVxoNCEL940z+WnVwh7Fjfv4QXc9TMXc6ijQMavRjLVxiUzZOfKo0minDc2KDg==",
      "dev": true,
      "license": "MIT"
    },
    "node_modules/@kmamal/recurse": {
      "version": "0.0.1",
      "resolved": "https://registry.npmjs.org/@kmamal/recurse/-/recurse-0.0.1.tgz",
      "integrity": "sha512-W9WWjrGS7xK7qkl4BnWb7QB2af+kuJFZsA1SW0oiQZYO7Sh7fxemwqeVKSsz3ZU+dwo5ejCT+sWIT6kI+v3xgQ==",
      "dev": true,
      "license": "MIT",
      "dependencies": {
        "@kmamal/async": "^0.0.3"
      }
    },
    "node_modules/@kmamal/testing": {
      "version": "0.0.34",
      "resolved": "https://registry.npmjs.org/@kmamal/testing/-/testing-0.0.34.tgz",
      "integrity": "sha512-zJkxyhRlXYTLzNSYOVsyNrrYWxegZZA065XJ+a5jUuJqnI6l+Wn810wf+LXkAO/Qbo24qzHGoP2L/xLT5PGoXg==",
      "dev": true,
      "license": "MIT",
      "dependencies": {
        "@kmamal/globs": "0.0.4",
        "@kmamal/util": "0.2.29"
      },
      "bin": {
        "testing": "bin/testing"
      }
    },
    "node_modules/@kmamal/util": {
      "version": "0.2.29",
      "resolved": "https://registry.npmjs.org/@kmamal/util/-/util-0.2.29.tgz",
      "integrity": "sha512-nNJ95g791C39ORj1PC9a+hi7F52bjgYv0NUQwka8zpdss1qt6AdLtc8YUFMujlj0gHQfrN2YnQ1LV1iXjWX3aw==",
      "dev": true,
      "license": "MIT",
      "dependencies": {
        "@kmamal/async": "^0.0.13",
        "@kmamal/heap": "^0.0.9",
        "@kmamal/linked-list": "^0.0.2"
      }
    },
    "node_modules/@kmamal/util/node_modules/@kmamal/async": {
      "version": "0.0.13",
      "resolved": "https://registry.npmjs.org/@kmamal/async/-/async-0.0.13.tgz",
      "integrity": "sha512-mILPNcqNIHpBZGQoyKa/jY83RXFFilWRRBdQVByRLbxMipLdqJisiH3cPDDJosujd9OMrxW8168qxlI1oOMcIA==",
      "dev": true,
      "license": "MIT"
    }
  }
}
